
Microsoft Visual Studio Solution File, Format Version 12.00
# Visual Studio Version 17
VisualStudioVersion = 17.7.34018.315
MinimumVisualStudioVersion = 10.0.40219.1
Project("{FAE04EC0-301F-11D3-BF4B-00C04F79EFBC}") = "MVCSimpleApp_RC201901", "MVCSimpleApp_RC201901\MVCSimpleApp_RC201901.csproj", "{13852C72-5F21-4F2B-B533-85FCD8D25924}"
EndProject
Global
	GlobalSection(SolutionConfigurationPlatforms) = preSolution
		Debug|Any CPU = Debug|Any CPU
		Release|Any CPU = Release|Any CPU
	EndGlobalSection
	GlobalSection(ProjectConfigurationPlatforms) = postSolution
		{13852C72-5F21-4F2B-B533-85FCD8D25924}.Debug|Any CPU.ActiveCfg = Debug|Any CPU
		{13852C72-5F21-4F2B-B533-85FCD8D25924}.Debug|Any CPU.Build.0 = Debug|Any CPU
		{13852C72-5F21-4F2B-B533-85FCD8D25924}.Release|Any CPU.ActiveCfg = Release|Any CPU
		{13852C72-5F21-4F2B-B533-85FCD8D25924}.Release|Any CPU.Build.0 = Release|Any CPU
	EndGlobalSection
	GlobalSection(SolutionProperties) = preSolution
		HideSolutionNode = FALSE
	EndGlobalSection
	GlobalSection(ExtensibilityGlobals) = postSolution
		SolutionGuid = {A06D904C-BA10-45BE-9CC8-0CCB26EC9838}
	EndGlobalSection
EndGlobal
